
Microsoft Visual Studio Solution File, Format Version 12.00
# Visual Studio Version 17
VisualStudioVersion = 17.14.36310.24 d17.14
MinimumVisualStudioVersion = 10.0.40219.1
Project("{FAE04EC0-301F-11D3-BF4B-00C04F79EFBC}") = "C44-G02-OOP#4", "C44-G02-OOP#4.csproj", "{5F901A41-CFDC-419C-89A1-6247020F2B5C}"
EndProject
Global
	GlobalSection(SolutionConfigurationPlatforms) = preSolution
		Debug|Any CPU = Debug|Any CPU
		Release|Any CPU = Release|Any CPU
	EndGlobalSection
	GlobalSection(ProjectConfigurationPlatforms) = postSolution
		{5F901A41-CFDC-419C-89A1-6247020F2B5C}.Debug|Any CPU.ActiveCfg = Debug|Any CPU
		{5F901A41-CFDC-419C-89A1-6247020F2B5C}.Debug|Any CPU.Build.0 = Debug|Any CPU
		{5F901A41-CFDC-419C-89A1-6247020F2B5C}.Release|Any CPU.ActiveCfg = Release|Any CPU
		{5F901A41-CFDC-419C-89A1-6247020F2B5C}.Release|Any CPU.Build.0 = Release|Any CPU
	EndGlobalSection
	GlobalSection(SolutionProperties) = preSolution
		HideSolutionNode = FALSE
	EndGlobalSection
	GlobalSection(ExtensibilityGlobals) = postSolution
		SolutionGuid = {6623C907-253A-416E-B118-818EE276408D}
	EndGlobalSection
EndGlobal
